
Microsoft Visual Studio Solution File, Format Version 12.00
# Visual Studio Version 17
VisualStudioVersion = 17.14.36518.9 d17.14
MinimumVisualStudioVersion = 10.0.40219.1
Project("{FAE04EC0-301F-11D3-BF4B-00C04F79EFBC}") = "AppNumeroDaSorte", "AppNumeroDaSorte\AppNumeroDaSorte.csproj", "{81E40159-B6DF-459D-937A-CF01219F69FB}"
EndProject
Project("{2150E333-8FDC-42A3-9474-1A3956D46DE8}") = "App01", "App01", "{02EA681E-C7D8-13C7-8484-4AC65E1B71E8}"
EndProject
Global
	GlobalSection(SolutionConfigurationPlatforms) = preSolution
		Debug|Any CPU = Debug|Any CPU
		Release|Any CPU = Release|Any CPU
	EndGlobalSection
	GlobalSection(ProjectConfigurationPlatforms) = postSolution
		{81E40159-B6DF-459D-937A-CF01219F69FB}.Debug|Any CPU.ActiveCfg = Debug|Any CPU
		{81E40159-B6DF-459D-937A-CF01219F69FB}.Debug|Any CPU.Build.0 = Debug|Any CPU
		{81E40159-B6DF-459D-937A-CF01219F69FB}.Debug|Any CPU.Deploy.0 = Debug|Any CPU
		{81E40159-B6DF-459D-937A-CF01219F69FB}.Release|Any CPU.ActiveCfg = Release|Any CPU
		{81E40159-B6DF-459D-937A-CF01219F69FB}.Release|Any CPU.Build.0 = Release|Any CPU
		{81E40159-B6DF-459D-937A-CF01219F69FB}.Release|Any CPU.Deploy.0 = Release|Any CPU
	EndGlobalSection
	GlobalSection(SolutionProperties) = preSolution
		HideSolutionNode = FALSE
	EndGlobalSection
	GlobalSection(NestedProjects) = preSolution
		{81E40159-B6DF-459D-937A-CF01219F69FB} = {02EA681E-C7D8-13C7-8484-4AC65E1B71E8}
	EndGlobalSection
	GlobalSection(ExtensibilityGlobals) = postSolution
		SolutionGuid = {0050AC4B-29FC-46DF-B711-DD53A0EEC005}
	EndGlobalSection
EndGlobal
