
Microsoft Visual Studio Solution File, Format Version 12.00
# Visual Studio Version 17
VisualStudioVersion = 17.14.36518.9
MinimumVisualStudioVersion = 10.0.40219.1
Project("{FAE04EC0-301F-11D3-BF4B-00C04F79EFBC}") = "AppNumeroDaSorte", "AppNumeroDaSorte\AppNumeroDaSorte.csproj", "{81E40159-B6DF-459D-937A-CF01219F69FB}"
EndProject
Project("{2150E333-8FDC-42A3-9474-1A3956D46DE8}") = "App01", "App01", "{02EA681E-C7D8-13C7-8484-4AC65E1B71E8}"
EndProject
Project("{2150E333-8FDC-42A3-9474-1A3956D46DE8}") = "App02", "App02", "{67F086E1-16AA-46DC-AEEF-78351B0B5F4F}"
EndProject
Project("{FAE04EC0-301F-11D3-BF4B-00C04F79EFBC}") = "AppContentPage", "AppContentPage\AppContentPage.csproj", "{39C74B4E-A0C7-4301-8C6F-C1223E965F58}"
EndProject
Project("{FAE04EC0-301F-11D3-BF4B-00C04F79EFBC}") = "AppNavigationPage", "AppNavigationPage\AppNavigationPage.csproj", "{8BA483F2-CA63-43D6-B3FA-8AB5A49A1FC2}"
EndProject
Project("{FAE04EC0-301F-11D3-BF4B-00C04F79EFBC}") = "AppFlyoutPage", "AppFlyoutPage\AppFlyoutPage.csproj", "{D822D1FF-EA52-4028-81D7-A3FF4E12626E}"
EndProject
Global
	GlobalSection(SolutionConfigurationPlatforms) = preSolution
		Debug|Any CPU = Debug|Any CPU
		Release|Any CPU = Release|Any CPU
	EndGlobalSection
	GlobalSection(ProjectConfigurationPlatforms) = postSolution
		{81E40159-B6DF-459D-937A-CF01219F69FB}.Debug|Any CPU.ActiveCfg = Debug|Any CPU
		{81E40159-B6DF-459D-937A-CF01219F69FB}.Debug|Any CPU.Build.0 = Debug|Any CPU
		{81E40159-B6DF-459D-937A-CF01219F69FB}.Debug|Any CPU.Deploy.0 = Debug|Any CPU
		{81E40159-B6DF-459D-937A-CF01219F69FB}.Release|Any CPU.ActiveCfg = Release|Any CPU
		{81E40159-B6DF-459D-937A-CF01219F69FB}.Release|Any CPU.Build.0 = Release|Any CPU
		{81E40159-B6DF-459D-937A-CF01219F69FB}.Release|Any CPU.Deploy.0 = Release|Any CPU
		{39C74B4E-A0C7-4301-8C6F-C1223E965F58}.Debug|Any CPU.ActiveCfg = Debug|Any CPU
		{39C74B4E-A0C7-4301-8C6F-C1223E965F58}.Debug|Any CPU.Build.0 = Debug|Any CPU
		{39C74B4E-A0C7-4301-8C6F-C1223E965F58}.Debug|Any CPU.Deploy.0 = Debug|Any CPU
		{39C74B4E-A0C7-4301-8C6F-C1223E965F58}.Release|Any CPU.ActiveCfg = Release|Any CPU
		{39C74B4E-A0C7-4301-8C6F-C1223E965F58}.Release|Any CPU.Build.0 = Release|Any CPU
		{39C74B4E-A0C7-4301-8C6F-C1223E965F58}.Release|Any CPU.Deploy.0 = Release|Any CPU
		{8BA483F2-CA63-43D6-B3FA-8AB5A49A1FC2}.Debug|Any CPU.ActiveCfg = Debug|Any CPU
		{8BA483F2-CA63-43D6-B3FA-8AB5A49A1FC2}.Debug|Any CPU.Build.0 = Debug|Any CPU
		{8BA483F2-CA63-43D6-B3FA-8AB5A49A1FC2}.Debug|Any CPU.Deploy.0 = Debug|Any CPU
		{8BA483F2-CA63-43D6-B3FA-8AB5A49A1FC2}.Release|Any CPU.ActiveCfg = Release|Any CPU
		{8BA483F2-CA63-43D6-B3FA-8AB5A49A1FC2}.Release|Any CPU.Build.0 = Release|Any CPU
		{8BA483F2-CA63-43D6-B3FA-8AB5A49A1FC2}.Release|Any CPU.Deploy.0 = Release|Any CPU
		{D822D1FF-EA52-4028-81D7-A3FF4E12626E}.Debug|Any CPU.ActiveCfg = Debug|Any CPU
		{D822D1FF-EA52-4028-81D7-A3FF4E12626E}.Debug|Any CPU.Build.0 = Debug|Any CPU
		{D822D1FF-EA52-4028-81D7-A3FF4E12626E}.Debug|Any CPU.Deploy.0 = Debug|Any CPU
		{D822D1FF-EA52-4028-81D7-A3FF4E12626E}.Release|Any CPU.ActiveCfg = Release|Any CPU
		{D822D1FF-EA52-4028-81D7-A3FF4E12626E}.Release|Any CPU.Build.0 = Release|Any CPU
		{D822D1FF-EA52-4028-81D7-A3FF4E12626E}.Release|Any CPU.Deploy.0 = Release|Any CPU
	EndGlobalSection
	GlobalSection(SolutionProperties) = preSolution
		HideSolutionNode = FALSE
	EndGlobalSection
	GlobalSection(NestedProjects) = preSolution
		{81E40159-B6DF-459D-937A-CF01219F69FB} = {02EA681E-C7D8-13C7-8484-4AC65E1B71E8}
		{39C74B4E-A0C7-4301-8C6F-C1223E965F58} = {67F086E1-16AA-46DC-AEEF-78351B0B5F4F}
		{8BA483F2-CA63-43D6-B3FA-8AB5A49A1FC2} = {67F086E1-16AA-46DC-AEEF-78351B0B5F4F}
		{D822D1FF-EA52-4028-81D7-A3FF4E12626E} = {67F086E1-16AA-46DC-AEEF-78351B0B5F4F}
	EndGlobalSection
	GlobalSection(ExtensibilityGlobals) = postSolution
		SolutionGuid = {0050AC4B-29FC-46DF-B711-DD53A0EEC005}
	EndGlobalSection
EndGlobal
